
Microsoft Visual Studio Solution File, Format Version 12.00
Project("{FAE04EC0-301F-11D3-BF4B-00C04F79EFBC}") = "Crypography", "Crypography\Crypography.csproj", "{C9F52467-D23C-424C-B982-90C292EC4D63}"
EndProject
Global
	GlobalSection(SolutionConfigurationPlatforms) = preSolution
		Debug|Any CPU = Debug|Any CPU
		Release|Any CPU = Release|Any CPU
	EndGlobalSection
	GlobalSection(ProjectConfigurationPlatforms) = postSolution
		{C9F52467-D23C-424C-B982-90C292EC4D63}.Debug|Any CPU.ActiveCfg = Debug|Any CPU
		{C9F52467-D23C-424C-B982-90C292EC4D63}.Debug|Any CPU.Build.0 = Debug|Any CPU
		{C9F52467-D23C-424C-B982-90C292EC4D63}.Release|Any CPU.ActiveCfg = Release|Any CPU
		{C9F52467-D23C-424C-B982-90C292EC4D63}.Release|Any CPU.Build.0 = Release|Any CPU
	EndGlobalSection
EndGlobal
